
Microsoft Visual Studio Solution File, Format Version 12.00
# Visual Studio 2012
Project("{FAE04EC0-301F-11D3-BF4B-00C04F79EFBC}") = "LiveDescribe", "LiveDescribe\LiveDescribe.csproj", "{F7368581-B728-4BF5-AAB9-8818F5645EE8}"
EndProject
Project("{FAE04EC0-301F-11D3-BF4B-00C04F79EFBC}") = "LiveDescribeUnitTests", "LiveDescribeUnitTests\LiveDescribeUnitTests.csproj", "{28E6D7A9-21E8-404B-823A-B54490958951}"
EndProject
Project("{6141683F-8A12-4E36-9623-2EB02B2C2303}") = "LiveDescribe Setup", "LiveDescribe Setup\LiveDescribe Setup.isproj", "{768BBDA4-736B-4BFD-B993-47C8F5DC4084}"
	ProjectSection(ProjectDependencies) = postProject
		{F7368581-B728-4BF5-AAB9-8818F5645EE8} = {F7368581-B728-4BF5-AAB9-8818F5645EE8}
	EndProjectSection
EndProject
Global
	GlobalSection(SolutionConfigurationPlatforms) = preSolution
		CD_ROM|Any CPU = CD_ROM|Any CPU
		CD_ROM|Mixed Platforms = CD_ROM|Mixed Platforms
		CD_ROM|x86 = CD_ROM|x86
		Debug|Any CPU = Debug|Any CPU
		Debug|Mixed Platforms = Debug|Mixed Platforms
		Debug|x86 = Debug|x86
		DVD-5|Any CPU = DVD-5|Any CPU
		DVD-5|Mixed Platforms = DVD-5|Mixed Platforms
		DVD-5|x86 = DVD-5|x86
		Release|Any CPU = Release|Any CPU
		Release|Mixed Platforms = Release|Mixed Platforms
		Release|x86 = Release|x86
		SingleImage|Any CPU = SingleImage|Any CPU
		SingleImage|Mixed Platforms = SingleImage|Mixed Platforms
		SingleImage|x86 = SingleImage|x86
		Zagga Debug|Any CPU = Zagga Debug|Any CPU
		Zagga Debug|Mixed Platforms = Zagga Debug|Mixed Platforms
		Zagga Debug|x86 = Zagga Debug|x86
		Zagga Release|Any CPU = Zagga Release|Any CPU
		Zagga Release|Mixed Platforms = Zagga Release|Mixed Platforms
		Zagga Release|x86 = Zagga Release|x86
	EndGlobalSection
	GlobalSection(ProjectConfigurationPlatforms) = postSolution
		{F7368581-B728-4BF5-AAB9-8818F5645EE8}.CD_ROM|Any CPU.ActiveCfg = Zagga|Any CPU
		{F7368581-B728-4BF5-AAB9-8818F5645EE8}.CD_ROM|Any CPU.Build.0 = Zagga|Any CPU
		{F7368581-B728-4BF5-AAB9-8818F5645EE8}.CD_ROM|Mixed Platforms.ActiveCfg = Zagga|Any CPU
		{F7368581-B728-4BF5-AAB9-8818F5645EE8}.CD_ROM|Mixed Platforms.Build.0 = Zagga|Any CPU
		{F7368581-B728-4BF5-AAB9-8818F5645EE8}.CD_ROM|x86.ActiveCfg = Zagga|Any CPU
		{F7368581-B728-4BF5-AAB9-8818F5645EE8}.Debug|Any CPU.ActiveCfg = Debug|Any CPU
		{F7368581-B728-4BF5-AAB9-8818F5645EE8}.Debug|Any CPU.Build.0 = Debug|Any CPU
		{F7368581-B728-4BF5-AAB9-8818F5645EE8}.Debug|Mixed Platforms.ActiveCfg = Debug|Any CPU
		{F7368581-B728-4BF5-AAB9-8818F5645EE8}.Debug|Mixed Platforms.Build.0 = Debug|Any CPU
		{F7368581-B728-4BF5-AAB9-8818F5645EE8}.Debug|x86.ActiveCfg = Debug|Any CPU
		{F7368581-B728-4BF5-AAB9-8818F5645EE8}.DVD-5|Any CPU.ActiveCfg = Debug|Any CPU
		{F7368581-B728-4BF5-AAB9-8818F5645EE8}.DVD-5|Any CPU.Build.0 = Debug|Any CPU
		{F7368581-B728-4BF5-AAB9-8818F5645EE8}.DVD-5|Mixed Platforms.ActiveCfg = Debug|Any CPU
		{F7368581-B728-4BF5-AAB9-8818F5645EE8}.DVD-5|Mixed Platforms.Build.0 = Debug|Any CPU
		{F7368581-B728-4BF5-AAB9-8818F5645EE8}.DVD-5|x86.ActiveCfg = Debug|Any CPU
		{F7368581-B728-4BF5-AAB9-8818F5645EE8}.Release|Any CPU.ActiveCfg = Release|Any CPU
		{F7368581-B728-4BF5-AAB9-8818F5645EE8}.Release|Any CPU.Build.0 = Release|Any CPU
		{F7368581-B728-4BF5-AAB9-8818F5645EE8}.Release|Mixed Platforms.ActiveCfg = Release|Any CPU
		{F7368581-B728-4BF5-AAB9-8818F5645EE8}.Release|Mixed Platforms.Build.0 = Release|Any CPU
		{F7368581-B728-4BF5-AAB9-8818F5645EE8}.Release|x86.ActiveCfg = Release|Any CPU
		{F7368581-B728-4BF5-AAB9-8818F5645EE8}.SingleImage|Any CPU.ActiveCfg = Zagga|Any CPU
		{F7368581-B728-4BF5-AAB9-8818F5645EE8}.SingleImage|Any CPU.Build.0 = Zagga|Any CPU
		{F7368581-B728-4BF5-AAB9-8818F5645EE8}.SingleImage|Mixed Platforms.ActiveCfg = Zagga|Any CPU
		{F7368581-B728-4BF5-AAB9-8818F5645EE8}.SingleImage|Mixed Platforms.Build.0 = Zagga|Any CPU
		{F7368581-B728-4BF5-AAB9-8818F5645EE8}.SingleImage|x86.ActiveCfg = Zagga|Any CPU
		{F7368581-B728-4BF5-AAB9-8818F5645EE8}.Zagga Debug|Any CPU.ActiveCfg = Zagga Debug|Any CPU
		{F7368581-B728-4BF5-AAB9-8818F5645EE8}.Zagga Debug|Any CPU.Build.0 = Zagga Debug|Any CPU
		{F7368581-B728-4BF5-AAB9-8818F5645EE8}.Zagga Debug|Mixed Platforms.ActiveCfg = Zagga Debug|Any CPU
		{F7368581-B728-4BF5-AAB9-8818F5645EE8}.Zagga Debug|Mixed Platforms.Build.0 = Zagga Debug|Any CPU
		{F7368581-B728-4BF5-AAB9-8818F5645EE8}.Zagga Debug|x86.ActiveCfg = Zagga Debug|Any CPU
		{F7368581-B728-4BF5-AAB9-8818F5645EE8}.Zagga Release|Any CPU.ActiveCfg = Zagga Release|Any CPU
		{F7368581-B728-4BF5-AAB9-8818F5645EE8}.Zagga Release|Any CPU.Build.0 = Zagga Release|Any CPU
		{F7368581-B728-4BF5-AAB9-8818F5645EE8}.Zagga Release|Mixed Platforms.ActiveCfg = Zagga Release|Any CPU
		{F7368581-B728-4BF5-AAB9-8818F5645EE8}.Zagga Release|Mixed Platforms.Build.0 = Zagga Release|Any CPU
		{F7368581-B728-4BF5-AAB9-8818F5645EE8}.Zagga Release|x86.ActiveCfg = Zagga Release|Any CPU
		{28E6D7A9-21E8-404B-823A-B54490958951}.CD_ROM|Any CPU.ActiveCfg = Zagga|Any CPU
		{28E6D7A9-21E8-404B-823A-B54490958951}.CD_ROM|Any CPU.Build.0 = Zagga|Any CPU
		{28E6D7A9-21E8-404B-823A-B54490958951}.CD_ROM|Mixed Platforms.ActiveCfg = Zagga|Any CPU
		{28E6D7A9-21E8-404B-823A-B54490958951}.CD_ROM|Mixed Platforms.Build.0 = Zagga|Any CPU
		{28E6D7A9-21E8-404B-823A-B54490958951}.CD_ROM|x86.ActiveCfg = Zagga|Any CPU
		{28E6D7A9-21E8-404B-823A-B54490958951}.Debug|Any CPU.ActiveCfg = Debug|Any CPU
		{28E6D7A9-21E8-404B-823A-B54490958951}.Debug|Any CPU.Build.0 = Debug|Any CPU
		{28E6D7A9-21E8-404B-823A-B54490958951}.Debug|Mixed Platforms.ActiveCfg = Debug|Any CPU
		{28E6D7A9-21E8-404B-823A-B54490958951}.Debug|Mixed Platforms.Build.0 = Debug|Any CPU
		{28E6D7A9-21E8-404B-823A-B54490958951}.Debug|x86.ActiveCfg = Debug|Any CPU
		{28E6D7A9-21E8-404B-823A-B54490958951}.DVD-5|Any CPU.ActiveCfg = Debug|Any CPU
		{28E6D7A9-21E8-404B-823A-B54490958951}.DVD-5|Any CPU.Build.0 = Debug|Any CPU
		{28E6D7A9-21E8-404B-823A-B54490958951}.DVD-5|Mixed Platforms.ActiveCfg = Debug|Any CPU
		{28E6D7A9-21E8-404B-823A-B54490958951}.DVD-5|Mixed Platforms.Build.0 = Debug|Any CPU
		{28E6D7A9-21E8-404B-823A-B54490958951}.DVD-5|x86.ActiveCfg = Debug|Any CPU
		{28E6D7A9-21E8-404B-823A-B54490958951}.Release|Any CPU.ActiveCfg = Release|Any CPU
		{28E6D7A9-21E8-404B-823A-B54490958951}.Release|Any CPU.Build.0 = Release|Any CPU
		{28E6D7A9-21E8-404B-823A-B54490958951}.Release|Mixed Platforms.ActiveCfg = Release|Any CPU
		{28E6D7A9-21E8-404B-823A-B54490958951}.Release|Mixed Platforms.Build.0 = Release|Any CPU
		{28E6D7A9-21E8-404B-823A-B54490958951}.Release|x86.ActiveCfg = Release|Any CPU
		{28E6D7A9-21E8-404B-823A-B54490958951}.SingleImage|Any CPU.ActiveCfg = Zagga|Any CPU
		{28E6D7A9-21E8-404B-823A-B54490958951}.SingleImage|Any CPU.Build.0 = Zagga|Any CPU
		{28E6D7A9-21E8-404B-823A-B54490958951}.SingleImage|Mixed Platforms.ActiveCfg = Zagga|Any CPU
		{28E6D7A9-21E8-404B-823A-B54490958951}.SingleImage|Mixed Platforms.Build.0 = Zagga|Any CPU
		{28E6D7A9-21E8-404B-823A-B54490958951}.SingleImage|x86.ActiveCfg = Zagga|Any CPU
		{28E6D7A9-21E8-404B-823A-B54490958951}.Zagga Debug|Any CPU.ActiveCfg = Zagga Debug|Any CPU
		{28E6D7A9-21E8-404B-823A-B54490958951}.Zagga Debug|Any CPU.Build.0 = Zagga Debug|Any CPU
		{28E6D7A9-21E8-404B-823A-B54490958951}.Zagga Debug|Mixed Platforms.ActiveCfg = Zagga Debug|Any CPU
		{28E6D7A9-21E8-404B-823A-B54490958951}.Zagga Debug|Mixed Platforms.Build.0 = Zagga Debug|Any CPU
		{28E6D7A9-21E8-404B-823A-B54490958951}.Zagga Debug|x86.ActiveCfg = Zagga Debug|Any CPU
		{28E6D7A9-21E8-404B-823A-B54490958951}.Zagga Release|Any CPU.ActiveCfg = Zagga Release|Any CPU
		{28E6D7A9-21E8-404B-823A-B54490958951}.Zagga Release|Any CPU.Build.0 = Zagga Release|Any CPU
		{28E6D7A9-21E8-404B-823A-B54490958951}.Zagga Release|Mixed Platforms.ActiveCfg = Zagga Release|Any CPU
		{28E6D7A9-21E8-404B-823A-B54490958951}.Zagga Release|Mixed Platforms.Build.0 = Zagga Release|Any CPU
		{28E6D7A9-21E8-404B-823A-B54490958951}.Zagga Release|x86.ActiveCfg = Zagga Release|Any CPU
		{768BBDA4-736B-4BFD-B993-47C8F5DC4084}.CD_ROM|Any CPU.ActiveCfg = CD_ROM
		{768BBDA4-736B-4BFD-B993-47C8F5DC4084}.CD_ROM|Any CPU.Build.0 = CD_ROM
		{768BBDA4-736B-4BFD-B993-47C8F5DC4084}.CD_ROM|Mixed Platforms.ActiveCfg = CD_ROM
		{768BBDA4-736B-4BFD-B993-47C8F5DC4084}.CD_ROM|Mixed Platforms.Build.0 = CD_ROM
		{768BBDA4-736B-4BFD-B993-47C8F5DC4084}.CD_ROM|x86.ActiveCfg = CD_ROM
		{768BBDA4-736B-4BFD-B993-47C8F5DC4084}.CD_ROM|x86.Build.0 = CD_ROM
		{768BBDA4-736B-4BFD-B993-47C8F5DC4084}.Debug|Any CPU.ActiveCfg = DVD-5
		{768BBDA4-736B-4BFD-B993-47C8F5DC4084}.Debug|Any CPU.Build.0 = DVD-5
		{768BBDA4-736B-4BFD-B993-47C8F5DC4084}.Debug|Mixed Platforms.ActiveCfg = DVD-5
		{768BBDA4-736B-4BFD-B993-47C8F5DC4084}.Debug|Mixed Platforms.Build.0 = DVD-5
		{768BBDA4-736B-4BFD-B993-47C8F5DC4084}.Debug|x86.ActiveCfg = DVD-5
		{768BBDA4-736B-4BFD-B993-47C8F5DC4084}.Debug|x86.Build.0 = DVD-5
		{768BBDA4-736B-4BFD-B993-47C8F5DC4084}.DVD-5|Any CPU.ActiveCfg = DVD-5
		{768BBDA4-736B-4BFD-B993-47C8F5DC4084}.DVD-5|Any CPU.Build.0 = DVD-5
		{768BBDA4-736B-4BFD-B993-47C8F5DC4084}.DVD-5|Mixed Platforms.ActiveCfg = DVD-5
		{768BBDA4-736B-4BFD-B993-47C8F5DC4084}.DVD-5|Mixed Platforms.Build.0 = DVD-5
		{768BBDA4-736B-4BFD-B993-47C8F5DC4084}.DVD-5|x86.ActiveCfg = DVD-5
		{768BBDA4-736B-4BFD-B993-47C8F5DC4084}.DVD-5|x86.Build.0 = DVD-5
		{768BBDA4-736B-4BFD-B993-47C8F5DC4084}.Release|Any CPU.ActiveCfg = SingleImage
		{768BBDA4-736B-4BFD-B993-47C8F5DC4084}.Release|Any CPU.Build.0 = SingleImage
		{768BBDA4-736B-4BFD-B993-47C8F5DC4084}.Release|Mixed Platforms.ActiveCfg = SingleImage
		{768BBDA4-736B-4BFD-B993-47C8F5DC4084}.Release|Mixed Platforms.Build.0 = SingleImage
		{768BBDA4-736B-4BFD-B993-47C8F5DC4084}.Release|x86.ActiveCfg = SingleImage
		{768BBDA4-736B-4BFD-B993-47C8F5DC4084}.Release|x86.Build.0 = SingleImage
		{768BBDA4-736B-4BFD-B993-47C8F5DC4084}.SingleImage|Any CPU.ActiveCfg = SingleImage
		{768BBDA4-736B-4BFD-B993-47C8F5DC4084}.SingleImage|Any CPU.Build.0 = SingleImage
		{768BBDA4-736B-4BFD-B993-47C8F5DC4084}.SingleImage|Mixed Platforms.ActiveCfg = SingleImage
		{768BBDA4-736B-4BFD-B993-47C8F5DC4084}.SingleImage|Mixed Platforms.Build.0 = SingleImage
		{768BBDA4-736B-4BFD-B993-47C8F5DC4084}.SingleImage|x86.ActiveCfg = SingleImage
		{768BBDA4-736B-4BFD-B993-47C8F5DC4084}.SingleImage|x86.Build.0 = SingleImage
		{768BBDA4-736B-4BFD-B993-47C8F5DC4084}.Zagga Debug|Any CPU.ActiveCfg = SingleImage
		{768BBDA4-736B-4BFD-B993-47C8F5DC4084}.Zagga Debug|Mixed Platforms.ActiveCfg = SingleImage
		{768BBDA4-736B-4BFD-B993-47C8F5DC4084}.Zagga Debug|x86.ActiveCfg = SingleImage
		{768BBDA4-736B-4BFD-B993-47C8F5DC4084}.Zagga Release|Any CPU.ActiveCfg = SingleImage
		{768BBDA4-736B-4BFD-B993-47C8F5DC4084}.Zagga Release|Any CPU.Build.0 = SingleImage
		{768BBDA4-736B-4BFD-B993-47C8F5DC4084}.Zagga Release|Mixed Platforms.ActiveCfg = SingleImage
		{768BBDA4-736B-4BFD-B993-47C8F5DC4084}.Zagga Release|Mixed Platforms.Build.0 = SingleImage
		{768BBDA4-736B-4BFD-B993-47C8F5DC4084}.Zagga Release|x86.ActiveCfg = SingleImage
		{768BBDA4-736B-4BFD-B993-47C8F5DC4084}.Zagga Release|x86.Build.0 = SingleImage
	EndGlobalSection
	GlobalSection(SolutionProperties) = preSolution
		HideSolutionNode = FALSE
	EndGlobalSection
EndGlobal
